
Microsoft Visual Studio Solution File, Format Version 12.00
# Visual Studio Version 17
VisualStudioVersion = 17.9.34728.123
MinimumVisualStudioVersion = 10.0.40219.1
Project("{FAE04EC0-301F-11D3-BF4B-00C04F79EFBC}") = "BookDemo", "BookDemo\BookDemo.csproj", "{BBED21A4-C073-4919-A1FF-313C301D5759}"
EndProject
Global
	GlobalSection(SolutionConfigurationPlatforms) = preSolution
		Debug|Any CPU = Debug|Any CPU
		Release|Any CPU = Release|Any CPU
	EndGlobalSection
	GlobalSection(ProjectConfigurationPlatforms) = postSolution
		{BBED21A4-C073-4919-A1FF-313C301D5759}.Debug|Any CPU.ActiveCfg = Debug|Any CPU
		{BBED21A4-C073-4919-A1FF-313C301D5759}.Debug|Any CPU.Build.0 = Debug|Any CPU
		{BBED21A4-C073-4919-A1FF-313C301D5759}.Release|Any CPU.ActiveCfg = Release|Any CPU
		{BBED21A4-C073-4919-A1FF-313C301D5759}.Release|Any CPU.Build.0 = Release|Any CPU
	EndGlobalSection
	GlobalSection(SolutionProperties) = preSolution
		HideSolutionNode = FALSE
	EndGlobalSection
	GlobalSection(ExtensibilityGlobals) = postSolution
		SolutionGuid = {DAD515F4-92A2-4E65-80C9-EF800BC13E43}
	EndGlobalSection
EndGlobal
