
Microsoft Visual Studio Solution File, Format Version 12.00
# Visual Studio Version 17
VisualStudioVersion = 17.9.34728.123
MinimumVisualStudioVersion = 10.0.40219.1
Project("{FAE04EC0-301F-11D3-BF4B-00C04F79EFBC}") = "Book.APı", "Book.APı\Book.APı.csproj", "{D71400ED-2AE7-41E8-B653-F57371CD9723}"
EndProject
Global
	GlobalSection(SolutionConfigurationPlatforms) = preSolution
		Debug|Any CPU = Debug|Any CPU
		Release|Any CPU = Release|Any CPU
	EndGlobalSection
	GlobalSection(ProjectConfigurationPlatforms) = postSolution
		{D71400ED-2AE7-41E8-B653-F57371CD9723}.Debug|Any CPU.ActiveCfg = Debug|Any CPU
		{D71400ED-2AE7-41E8-B653-F57371CD9723}.Debug|Any CPU.Build.0 = Debug|Any CPU
		{D71400ED-2AE7-41E8-B653-F57371CD9723}.Release|Any CPU.ActiveCfg = Release|Any CPU
		{D71400ED-2AE7-41E8-B653-F57371CD9723}.Release|Any CPU.Build.0 = Release|Any CPU
	EndGlobalSection
	GlobalSection(SolutionProperties) = preSolution
		HideSolutionNode = FALSE
	EndGlobalSection
	GlobalSection(ExtensibilityGlobals) = postSolution
		SolutionGuid = {BF0C7428-AAC0-4BD1-A456-6CE03D66DC12}
	EndGlobalSection
EndGlobal
